
Microsoft Visual Studio Solution File, Format Version 12.00
# Visual Studio Version 16
VisualStudioVersion = 16.0.29209.62
MinimumVisualStudioVersion = 10.0.40219.1
Project("{FAE04EC0-301F-11D3-BF4B-00C04F79EFBC}") = "ClipboardJisho", "ClipboardJisho\ClipboardJisho.csproj", "{F5F018E0-FD60-4F55-A677-FF50F18E83F1}"
EndProject
Global
	GlobalSection(SolutionConfigurationPlatforms) = preSolution
		Debug|Any CPU = Debug|Any CPU
		Release|Any CPU = Release|Any CPU
	EndGlobalSection
	GlobalSection(ProjectConfigurationPlatforms) = postSolution
		{F5F018E0-FD60-4F55-A677-FF50F18E83F1}.Debug|Any CPU.ActiveCfg = Debug|Any CPU
		{F5F018E0-FD60-4F55-A677-FF50F18E83F1}.Debug|Any CPU.Build.0 = Debug|Any CPU
		{F5F018E0-FD60-4F55-A677-FF50F18E83F1}.Release|Any CPU.ActiveCfg = Release|Any CPU
		{F5F018E0-FD60-4F55-A677-FF50F18E83F1}.Release|Any CPU.Build.0 = Release|Any CPU
	EndGlobalSection
	GlobalSection(SolutionProperties) = preSolution
		HideSolutionNode = FALSE
	EndGlobalSection
	GlobalSection(ExtensibilityGlobals) = postSolution
		SolutionGuid = {703A4104-CC27-4E21-9B2B-BF04FC4601E6}
	EndGlobalSection
EndGlobal
